
Microsoft Visual Studio Solution File, Format Version 12.00
# Visual Studio Version 16
VisualStudioVersion = 16.0.30413.136
MinimumVisualStudioVersion = 10.0.40219.1
Project("{FAE04EC0-301F-11D3-BF4B-00C04F79EFBC}") = "Calculator", "Calculator\Calculator.csproj", "{80EE8C57-C424-4564-8265-DFA480EF775B}"
EndProject
Project("{FAE04EC0-301F-11D3-BF4B-00C04F79EFBC}") = "CalculatorTest", "CalculatorTest\CalculatorTest.csproj", "{B6D631B7-B2F3-481F-9F5A-8B3B5F8D07A8}"
EndProject
Global
	GlobalSection(SolutionConfigurationPlatforms) = preSolution
		Debug|Any CPU = Debug|Any CPU
		Release|Any CPU = Release|Any CPU
	EndGlobalSection
	GlobalSection(ProjectConfigurationPlatforms) = postSolution
		{80EE8C57-C424-4564-8265-DFA480EF775B}.Debug|Any CPU.ActiveCfg = Debug|Any CPU
		{80EE8C57-C424-4564-8265-DFA480EF775B}.Debug|Any CPU.Build.0 = Debug|Any CPU
		{80EE8C57-C424-4564-8265-DFA480EF775B}.Release|Any CPU.ActiveCfg = Release|Any CPU
		{80EE8C57-C424-4564-8265-DFA480EF775B}.Release|Any CPU.Build.0 = Release|Any CPU
		{B6D631B7-B2F3-481F-9F5A-8B3B5F8D07A8}.Debug|Any CPU.ActiveCfg = Debug|Any CPU
		{B6D631B7-B2F3-481F-9F5A-8B3B5F8D07A8}.Debug|Any CPU.Build.0 = Debug|Any CPU
		{B6D631B7-B2F3-481F-9F5A-8B3B5F8D07A8}.Release|Any CPU.ActiveCfg = Release|Any CPU
		{B6D631B7-B2F3-481F-9F5A-8B3B5F8D07A8}.Release|Any CPU.Build.0 = Release|Any CPU
	EndGlobalSection
	GlobalSection(SolutionProperties) = preSolution
		HideSolutionNode = FALSE
	EndGlobalSection
	GlobalSection(ExtensibilityGlobals) = postSolution
		SolutionGuid = {3369B013-C322-47A2-A52C-5426FFB1D7B6}
	EndGlobalSection
EndGlobal
